
Microsoft Visual Studio Solution File, Format Version 12.00
# Visual Studio Version 17
VisualStudioVersion = 17.3.32929.385
MinimumVisualStudioVersion = 10.0.40219.1
Project("{2150E333-8FDC-42A3-9474-1A3956D46DE8}") = "03 - Domain", "03 - Domain", "{E070FA69-AD52-4A37-9474-AFD25FFDC615}"
EndProject
Project("{2150E333-8FDC-42A3-9474-1A3956D46DE8}") = "02 - Application", "02 - Application", "{636AC5C2-EA15-4DE2-92EC-9072DAA3FEB6}"
EndProject
Project("{2150E333-8FDC-42A3-9474-1A3956D46DE8}") = "01 - Presentation", "01 - Presentation", "{F3EF06A7-6C10-418F-9BFB-CB09CFE8BF5F}"
EndProject
Project("{2150E333-8FDC-42A3-9474-1A3956D46DE8}") = "04 - Infra.Data", "04 - Infra.Data", "{39828DDD-7665-44FB-B3D5-7777C05AFEB9}"
EndProject
Project("{2150E333-8FDC-42A3-9474-1A3956D46DE8}") = "05 - Infra.CrossCutting", "05 - Infra.CrossCutting", "{61E6036A-CB5C-4513-8E27-148BC2E4404E}"
EndProject
Project("{FAE04EC0-301F-11D3-BF4B-00C04F79EFBC}") = "Controle_Acesso_Predio.Web", "Controle_Acesso_Predio.Web\Controle_Acesso_Predio.Web.csproj", "{5B618D6F-90CE-47A3-B6CD-BF74A3C677DC}"
EndProject
Project("{FAE04EC0-301F-11D3-BF4B-00C04F79EFBC}") = "Controle_Acesso_Predio.Application", "Controle_Acesso_Predio.Application\Controle_Acesso_Predio.Application.csproj", "{A90C0AC0-E3DB-4E03-A9EB-1D4AFF46E977}"
EndProject
Project("{FAE04EC0-301F-11D3-BF4B-00C04F79EFBC}") = "Controle_Acesso_Predio.Domain", "Controle_Acesso_Predio.Domain\Controle_Acesso_Predio.Domain.csproj", "{BB82386F-DB84-4663-B8FB-B005C3998692}"
EndProject
Project("{FAE04EC0-301F-11D3-BF4B-00C04F79EFBC}") = "Controle_Acesso_Predio.Data", "Controle_Acesso_Predio.Data\Controle_Acesso_Predio.Data.csproj", "{BE690205-7A67-4F78-B604-12F4104FD2C5}"
EndProject
Project("{FAE04EC0-301F-11D3-BF4B-00C04F79EFBC}") = "Controle_Acesso_Predio.CrossCutting", "Controle_Acesso_Predio.CrossCutting\Controle_Acesso_Predio.CrossCutting.csproj", "{DB3F9780-6C08-432E-856B-F708D8D35D9E}"
EndProject
Global
	GlobalSection(SolutionConfigurationPlatforms) = preSolution
		Debug|Any CPU = Debug|Any CPU
		Release|Any CPU = Release|Any CPU
	EndGlobalSection
	GlobalSection(ProjectConfigurationPlatforms) = postSolution
		{5B618D6F-90CE-47A3-B6CD-BF74A3C677DC}.Debug|Any CPU.ActiveCfg = Debug|Any CPU
		{5B618D6F-90CE-47A3-B6CD-BF74A3C677DC}.Debug|Any CPU.Build.0 = Debug|Any CPU
		{5B618D6F-90CE-47A3-B6CD-BF74A3C677DC}.Release|Any CPU.ActiveCfg = Release|Any CPU
		{5B618D6F-90CE-47A3-B6CD-BF74A3C677DC}.Release|Any CPU.Build.0 = Release|Any CPU
		{A90C0AC0-E3DB-4E03-A9EB-1D4AFF46E977}.Debug|Any CPU.ActiveCfg = Debug|Any CPU
		{A90C0AC0-E3DB-4E03-A9EB-1D4AFF46E977}.Debug|Any CPU.Build.0 = Debug|Any CPU
		{A90C0AC0-E3DB-4E03-A9EB-1D4AFF46E977}.Release|Any CPU.ActiveCfg = Release|Any CPU
		{A90C0AC0-E3DB-4E03-A9EB-1D4AFF46E977}.Release|Any CPU.Build.0 = Release|Any CPU
		{BB82386F-DB84-4663-B8FB-B005C3998692}.Debug|Any CPU.ActiveCfg = Debug|Any CPU
		{BB82386F-DB84-4663-B8FB-B005C3998692}.Debug|Any CPU.Build.0 = Debug|Any CPU
		{BB82386F-DB84-4663-B8FB-B005C3998692}.Release|Any CPU.ActiveCfg = Release|Any CPU
		{BB82386F-DB84-4663-B8FB-B005C3998692}.Release|Any CPU.Build.0 = Release|Any CPU
		{BE690205-7A67-4F78-B604-12F4104FD2C5}.Debug|Any CPU.ActiveCfg = Debug|Any CPU
		{BE690205-7A67-4F78-B604-12F4104FD2C5}.Debug|Any CPU.Build.0 = Debug|Any CPU
		{BE690205-7A67-4F78-B604-12F4104FD2C5}.Release|Any CPU.ActiveCfg = Release|Any CPU
		{BE690205-7A67-4F78-B604-12F4104FD2C5}.Release|Any CPU.Build.0 = Release|Any CPU
		{DB3F9780-6C08-432E-856B-F708D8D35D9E}.Debug|Any CPU.ActiveCfg = Debug|Any CPU
		{DB3F9780-6C08-432E-856B-F708D8D35D9E}.Debug|Any CPU.Build.0 = Debug|Any CPU
		{DB3F9780-6C08-432E-856B-F708D8D35D9E}.Release|Any CPU.ActiveCfg = Release|Any CPU
		{DB3F9780-6C08-432E-856B-F708D8D35D9E}.Release|Any CPU.Build.0 = Release|Any CPU
	EndGlobalSection
	GlobalSection(SolutionProperties) = preSolution
		HideSolutionNode = FALSE
	EndGlobalSection
	GlobalSection(NestedProjects) = preSolution
		{5B618D6F-90CE-47A3-B6CD-BF74A3C677DC} = {F3EF06A7-6C10-418F-9BFB-CB09CFE8BF5F}
		{A90C0AC0-E3DB-4E03-A9EB-1D4AFF46E977} = {636AC5C2-EA15-4DE2-92EC-9072DAA3FEB6}
		{BB82386F-DB84-4663-B8FB-B005C3998692} = {E070FA69-AD52-4A37-9474-AFD25FFDC615}
		{BE690205-7A67-4F78-B604-12F4104FD2C5} = {39828DDD-7665-44FB-B3D5-7777C05AFEB9}
		{DB3F9780-6C08-432E-856B-F708D8D35D9E} = {61E6036A-CB5C-4513-8E27-148BC2E4404E}
	EndGlobalSection
	GlobalSection(ExtensibilityGlobals) = postSolution
		SolutionGuid = {F9909A7D-7F8A-43BB-B545-1A265434BA02}
	EndGlobalSection
EndGlobal
